// !$*UTF8*$!
{
	archiveVersion = 1;
	classes = {
	};
	objectVersion = 56;
	objects = {

/* Begin PBXBuildFile section */
		1CB6A90129677E8500671D05 /* DessertAppApp.swift in Sources */ = {isa = PBXBuildFile; fileRef = 1CB6A90029677E8500671D05 /* DessertAppApp.swift */; };
		1CB6A90329677E8500671D05 /* ContentView.swift in Sources */ = {isa = PBXBuildFile; fileRef = 1CB6A90229677E8500671D05 /* ContentView.swift */; };
		1CB6A90529677E8800671D05 /* Assets.xcassets in Resources */ = {isa = PBXBuildFile; fileRef = 1CB6A90429677E8800671D05 /* Assets.xcassets */; };
		1CB6A90829677E8800671D05 /* Preview Assets.xcassets in Resources */ = {isa = PBXBuildFile; fileRef = 1CB6A90729677E8800671D05 /* Preview Assets.xcassets */; };
		1CB6A91229677E8800671D05 /* DessertAppTests.swift in Sources */ = {isa = PBXBuildFile; fileRef = 1CB6A91129677E8800671D05 /* DessertAppTests.swift */; };
		1CB6A91C29677E8800671D05 /* DessertAppUITests.swift in Sources */ = {isa = PBXBuildFile; fileRef = 1CB6A91B29677E8800671D05 /* DessertAppUITests.swift */; };
		1CB6A91E29677E8800671D05 /* DessertAppUITestsLaunchTests.swift in Sources */ = {isa = PBXBuildFile; fileRef = 1CB6A91D29677E8800671D05 /* DessertAppUITestsLaunchTests.swift */; };
		1CB6A93029679DB000671D05 /* DessertView.swift in Sources */ = {isa = PBXBuildFile; fileRef = 1CB6A92F29679DB000671D05 /* DessertView.swift */; };
		1CB6A93229679FBF00671D05 /* DessertDetailView.swift in Sources */ = {isa = PBXBuildFile; fileRef = 1CB6A93129679FBF00671D05 /* DessertDetailView.swift */; };
		1CB6A9342967A0D400671D05 /* DessertListViewModel.swift in Sources */ = {isa = PBXBuildFile; fileRef = 1CB6A9332967A0D400671D05 /* DessertListViewModel.swift */; };
		1CB6A9362967A2D800671D05 /* PageResult.swift in Sources */ = {isa = PBXBuildFile; fileRef = 1CB6A9352967A2D800671D05 /* PageResult.swift */; };
		1CB6A9382967A34800671D05 /* NetworkManager.swift in Sources */ = {isa = PBXBuildFile; fileRef = 1CB6A9372967A34800671D05 /* NetworkManager.swift */; };
		1CB6A93A2967A39200671D05 /* NetworkError.swift in Sources */ = {isa = PBXBuildFile; fileRef = 1CB6A9392967A39200671D05 /* NetworkError.swift */; };
		1CB6A93C2967A3CA00671D05 /* NetworkParams.swift in Sources */ = {isa = PBXBuildFile; fileRef = 1CB6A93B2967A3CA00671D05 /* NetworkParams.swift */; };
		1CB6A93E29689D7900671D05 /* MealData.swift in Sources */ = {isa = PBXBuildFile; fileRef = 1CB6A93D29689D7900671D05 /* MealData.swift */; };
/* End PBXBuildFile section */

/* Begin PBXContainerItemProxy section */
		1CB6A90E29677E8800671D05 /* PBXContainerItemProxy */ = {
			isa = PBXContainerItemProxy;
			containerPortal = 1CB6A8F529677E8500671D05 /* Project object */;
			proxyType = 1;
			remoteGlobalIDString = 1CB6A8FC29677E8500671D05;
			remoteInfo = DessertApp;
		};
		1CB6A91829677E8800671D05 /* PBXContainerItemProxy */ = {
			isa = PBXContainerItemProxy;
			containerPortal = 1CB6A8F529677E8500671D05 /* Project object */;
			proxyType = 1;
			remoteGlobalIDString = 1CB6A8FC29677E8500671D05;
			remoteInfo = DessertApp;
		};
/* End PBXContainerItemProxy section */

/* Begin PBXFileReference section */
		1CB6A8FD29677E8500671D05 /* DessertApp.app */ = {isa = PBXFileReference; explicitFileType = wrapper.application; includeInIndex = 0; path = DessertApp.app; sourceTree = BUILT_PRODUCTS_DIR; };
		1CB6A90029677E8500671D05 /* DessertAppApp.swift */ = {isa = PBXFileReference; lastKnownFileType = sourcecode.swift; path = DessertAppApp.swift; sourceTree = "<group>"; };
		1CB6A90229677E8500671D05 /* ContentView.swift */ = {isa = PBXFileReference; lastKnownFileType = sourcecode.swift; path = ContentView.swift; sourceTree = "<group>"; };
		1CB6A90429677E8800671D05 /* Assets.xcassets */ = {isa = PBXFileReference; lastKnownFileType = folder.assetcatalog; path = Assets.xcassets; sourceTree = "<group>"; };
		1CB6A90729677E8800671D05 /* Preview Assets.xcassets */ = {isa = PBXFileReference; lastKnownFileType = folder.assetcatalog; path = "Preview Assets.xcassets"; sourceTree = "<group>"; };
		1CB6A90D29677E8800671D05 /* DessertAppTests.xctest */ = {isa = PBXFileReference; explicitFileType = wrapper.cfbundle; includeInIndex = 0; path = DessertAppTests.xctest; sourceTree = BUILT_PRODUCTS_DIR; };
		1CB6A91129677E8800671D05 /* DessertAppTests.swift */ = {isa = PBXFileReference; lastKnownFileType = sourcecode.swift; path = DessertAppTests.swift; sourceTree = "<group>"; };
		1CB6A91729677E8800671D05 /* DessertAppUITests.xctest */ = {isa = PBXFileReference; explicitFileType = wrapper.cfbundle; includeInIndex = 0; path = DessertAppUITests.xctest; sourceTree = BUILT_PRODUCTS_DIR; };
		1CB6A91B29677E8800671D05 /* DessertAppUITests.swift */ = {isa = PBXFileReference; lastKnownFileType = sourcecode.swift; path = DessertAppUITests.swift; sourceTree = "<group>"; };
		1CB6A91D29677E8800671D05 /* DessertAppUITestsLaunchTests.swift */ = {isa = PBXFileReference; lastKnownFileType = sourcecode.swift; path = DessertAppUITestsLaunchTests.swift; sourceTree = "<group>"; };
		1CB6A92F29679DB000671D05 /* DessertView.swift */ = {isa = PBXFileReference; lastKnownFileType = sourcecode.swift; path = DessertView.swift; sourceTree = "<group>"; };
		1CB6A93129679FBF00671D05 /* DessertDetailView.swift */ = {isa = PBXFileReference; lastKnownFileType = sourcecode.swift; path = DessertDetailView.swift; sourceTree = "<group>"; };
		1CB6A9332967A0D400671D05 /* DessertListViewModel.swift */ = {isa = PBXFileReference; lastKnownFileType = sourcecode.swift; path = DessertListViewModel.swift; sourceTree = "<group>"; };
		1CB6A9352967A2D800671D05 /* PageResult.swift */ = {isa = PBXFileReference; lastKnownFileType = sourcecode.swift; path = PageResult.swift; sourceTree = "<group>"; };
		1CB6A9372967A34800671D05 /* NetworkManager.swift */ = {isa = PBXFileReference; lastKnownFileType = sourcecode.swift; path = NetworkManager.swift; sourceTree = "<group>"; };
		1CB6A9392967A39200671D05 /* NetworkError.swift */ = {isa = PBXFileReference; lastKnownFileType = sourcecode.swift; path = NetworkError.swift; sourceTree = "<group>"; };
		1CB6A93B2967A3CA00671D05 /* NetworkParams.swift */ = {isa = PBXFileReference; lastKnownFileType = sourcecode.swift; path = NetworkParams.swift; sourceTree = "<group>"; };
		1CB6A93D29689D7900671D05 /* MealData.swift */ = {isa = PBXFileReference; lastKnownFileType = sourcecode.swift; path = MealData.swift; sourceTree = "<group>"; };
/* End PBXFileReference section */

/* Begin PBXFrameworksBuildPhase section */
		1CB6A8FA29677E8500671D05 /* Frameworks */ = {
			isa = PBXFrameworksBuildPhase;
			buildActionMask = 2147483647;
			files = (
			);
			runOnlyForDeploymentPostprocessing = 0;
		};
		1CB6A90A29677E8800671D05 /* Frameworks */ = {
			isa = PBXFrameworksBuildPhase;
			buildActionMask = 2147483647;
			files = (
			);
			runOnlyForDeploymentPostprocessing = 0;
		};
		1CB6A91429677E8800671D05 /* Frameworks */ = {
			isa = PBXFrameworksBuildPhase;
			buildActionMask = 2147483647;
			files = (
			);
			runOnlyForDeploymentPostprocessing = 0;
		};
/* End PBXFrameworksBuildPhase section */

/* Begin PBXGroup section */
		1CB6A8F429677E8500671D05 = {
			isa = PBXGroup;
			children = (
				1CB6A8FF29677E8500671D05 /* DessertApp */,
				1CB6A91029677E8800671D05 /* DessertAppTests */,
				1CB6A91A29677E8800671D05 /* DessertAppUITests */,
				1CB6A8FE29677E8500671D05 /* Products */,
			);
			sourceTree = "<group>";
		};
		1CB6A8FE29677E8500671D05 /* Products */ = {
			isa = PBXGroup;
			children = (
				1CB6A8FD29677E8500671D05 /* DessertApp.app */,
				1CB6A90D29677E8800671D05 /* DessertAppTests.xctest */,
				1CB6A91729677E8800671D05 /* DessertAppUITests.xctest */,
			);
			name = Products;
			sourceTree = "<group>";
		};
		1CB6A8FF29677E8500671D05 /* DessertApp */ = {
			isa = PBXGroup;
			children = (
				1CB6A90029677E8500671D05 /* DessertAppApp.swift */,
				1CB6A92A29677EE800671D05 /* Model */,
				1CB6A92C29677F0A00671D05 /* View */,
				1CB6A92D29677F2300671D05 /* ViewModel */,
				1CB6A92E29677F5200671D05 /* Service */,
				1CB6A90429677E8800671D05 /* Assets.xcassets */,
				1CB6A90629677E8800671D05 /* Preview Content */,
			);
			path = DessertApp;
			sourceTree = "<group>";
		};
		1CB6A90629677E8800671D05 /* Preview Content */ = {
			isa = PBXGroup;
			children = (
				1CB6A90729677E8800671D05 /* Preview Assets.xcassets */,
			);
			path = "Preview Content";
			sourceTree = "<group>";
		};
		1CB6A91029677E8800671D05 /* DessertAppTests */ = {
			isa = PBXGroup;
			children = (
				1CB6A91129677E8800671D05 /* DessertAppTests.swift */,
			);
			path = DessertAppTests;
			sourceTree = "<group>";
		};
		1CB6A91A29677E8800671D05 /* DessertAppUITests */ = {
			isa = PBXGroup;
			children = (
				1CB6A91B29677E8800671D05 /* DessertAppUITests.swift */,
				1CB6A91D29677E8800671D05 /* DessertAppUITestsLaunchTests.swift */,
			);
			path = DessertAppUITests;
			sourceTree = "<group>";
		};
		1CB6A92A29677EE800671D05 /* Model */ = {
			isa = PBXGroup;
			children = (
				1CB6A9352967A2D800671D05 /* PageResult.swift */,
				1CB6A93D29689D7900671D05 /* MealData.swift */,
			);
			path = Model;
			sourceTree = "<group>";
		};
		1CB6A92C29677F0A00671D05 /* View */ = {
			isa = PBXGroup;
			children = (
				1CB6A90229677E8500671D05 /* ContentView.swift */,
				1CB6A92F29679DB000671D05 /* DessertView.swift */,
				1CB6A93129679FBF00671D05 /* DessertDetailView.swift */,
			);
			path = View;
			sourceTree = "<group>";
		};
		1CB6A92D29677F2300671D05 /* ViewModel */ = {
			isa = PBXGroup;
			children = (
				1CB6A9332967A0D400671D05 /* DessertListViewModel.swift */,
			);
			path = ViewModel;
			sourceTree = "<group>";
		};
		1CB6A92E29677F5200671D05 /* Service */ = {
			isa = PBXGroup;
			children = (
				1CB6A9372967A34800671D05 /* NetworkManager.swift */,
				1CB6A9392967A39200671D05 /* NetworkError.swift */,
				1CB6A93B2967A3CA00671D05 /* NetworkParams.swift */,
			);
			path = Service;
			sourceTree = "<group>";
		};
/* End PBXGroup section */

/* Begin PBXNativeTarget section */
		1CB6A8FC29677E8500671D05 /* DessertApp */ = {
			isa = PBXNativeTarget;
			buildConfigurationList = 1CB6A92129677E8800671D05 /* Build configuration list for PBXNativeTarget "DessertApp" */;
			buildPhases = (
				1CB6A8F929677E8500671D05 /* Sources */,
				1CB6A8FA29677E8500671D05 /* Frameworks */,
				1CB6A8FB29677E8500671D05 /* Resources */,
			);
			buildRules = (
			);
			dependencies = (
			);
			name = DessertApp;
			productName = DessertApp;
			productReference = 1CB6A8FD29677E8500671D05 /* DessertApp.app */;
			productType = "com.apple.product-type.application";
		};
		1CB6A90C29677E8800671D05 /* DessertAppTests */ = {
			isa = PBXNativeTarget;
			buildConfigurationList = 1CB6A92429677E8800671D05 /* Build configuration list for PBXNativeTarget "DessertAppTests" */;
			buildPhases = (
				1CB6A90929677E8800671D05 /* Sources */,
				1CB6A90A29677E8800671D05 /* Frameworks */,
				1CB6A90B29677E8800671D05 /* Resources */,
			);
			buildRules = (
			);
			dependencies = (
				1CB6A90F29677E8800671D05 /* PBXTargetDependency */,
			);
			name = DessertAppTests;
			productName = DessertAppTests;
			productReference = 1CB6A90D29677E8800671D05 /* DessertAppTests.xctest */;
			productType = "com.apple.product-type.bundle.unit-test";
		};
		1CB6A91629677E8800671D05 /* DessertAppUITests */ = {
			isa = PBXNativeTarget;
			buildConfigurationList = 1CB6A92729677E8800671D05 /* Build configuration list for PBXNativeTarget "DessertAppUITests" */;
			buildPhases = (
				1CB6A91329677E8800671D05 /* Sources */,
				1CB6A91429677E8800671D05 /* Frameworks */,
				1CB6A91529677E8800671D05 /* Resources */,
			);
			buildRules = (
			);
			dependencies = (
				1CB6A91929677E8800671D05 /* PBXTargetDependency */,
			);
			name = DessertAppUITests;
			productName = DessertAppUITests;
			productReference = 1CB6A91729677E8800671D05 /* DessertAppUITests.xctest */;
			productType = "com.apple.product-type.bundle.ui-testing";
		};
/* End PBXNativeTarget section */

/* Begin PBXProject section */
		1CB6A8F529677E8500671D05 /* Project object */ = {
			isa = PBXProject;
			attributes = {
				BuildIndependentTargetsInParallel = 1;
				LastSwiftUpdateCheck = 1420;
				LastUpgradeCheck = 1420;
				TargetAttributes = {
					1CB6A8FC29677E8500671D05 = {
						CreatedOnToolsVersion = 14.2;
					};
					1CB6A90C29677E8800671D05 = {
						CreatedOnToolsVersion = 14.2;
						TestTargetID = 1CB6A8FC29677E8500671D05;
					};
					1CB6A91629677E8800671D05 = {
						CreatedOnToolsVersion = 14.2;
						TestTargetID = 1CB6A8FC29677E8500671D05;
					};
				};
			};
			buildConfigurationList = 1CB6A8F829677E8500671D05 /* Build configuration list for PBXProject "DessertApp" */;
			compatibilityVersion = "Xcode 14.0";
			developmentRegion = en;
			hasScannedForEncodings = 0;
			knownRegions = (
				en,
				Base,
			);
			mainGroup = 1CB6A8F429677E8500671D05;
			productRefGroup = 1CB6A8FE29677E8500671D05 /* Products */;
			projectDirPath = "";
			projectRoot = "";
			targets = (
				1CB6A8FC29677E8500671D05 /* DessertApp */,
				1CB6A90C29677E8800671D05 /* DessertAppTests */,
				1CB6A91629677E8800671D05 /* DessertAppUITests */,
			);
		};
/* End PBXProject section */

/* Begin PBXResourcesBuildPhase section */
		1CB6A8FB29677E8500671D05 /* Resources */ = {
			isa = PBXResourcesBuildPhase;
			buildActionMask = 2147483647;
			files = (
				1CB6A90829677E8800671D05 /* Preview Assets.xcassets in Resources */,
				1CB6A90529677E8800671D05 /* Assets.xcassets in Resources */,
			);
			runOnlyForDeploymentPostprocessing = 0;
		};
		1CB6A90B29677E8800671D05 /* Resources */ = {
			isa = PBXResourcesBuildPhase;
			buildActionMask = 2147483647;
			files = (
			);
			runOnlyForDeploymentPostprocessing = 0;
		};
		1CB6A91529677E8800671D05 /* Resources */ = {
			isa = PBXResourcesBuildPhase;
			buildActionMask = 2147483647;
			files = (
			);
			runOnlyForDeploymentPostprocessing = 0;
		};
/* End PBXResourcesBuildPhase section */

/* Begin PBXSourcesBuildPhase section */
		1CB6A8F929677E8500671D05 /* Sources */ = {
			isa = PBXSourcesBuildPhase;
			buildActionMask = 2147483647;
			files = (
				1CB6A90329677E8500671D05 /* ContentView.swift in Sources */,
				1CB6A93E29689D7900671D05 /* MealData.swift in Sources */,
				1CB6A93A2967A39200671D05 /* NetworkError.swift in Sources */,
				1CB6A9362967A2D800671D05 /* PageResult.swift in Sources */,
				1CB6A90129677E8500671D05 /* DessertAppApp.swift in Sources */,
				1CB6A9382967A34800671D05 /* NetworkManager.swift in Sources */,
				1CB6A93229679FBF00671D05 /* DessertDetailView.swift in Sources */,
				1CB6A93029679DB000671D05 /* DessertView.swift in Sources */,
				1CB6A9342967A0D400671D05 /* DessertListViewModel.swift in Sources */,
				1CB6A93C2967A3CA00671D05 /* NetworkParams.swift in Sources */,
			);
			runOnlyForDeploymentPostprocessing = 0;
		};
		1CB6A90929677E8800671D05 /* Sources */ = {
			isa = PBXSourcesBuildPhase;
			buildActionMask = 2147483647;
			files = (
				1CB6A91229677E8800671D05 /* DessertAppTests.swift in Sources */,
			);
			runOnlyForDeploymentPostprocessing = 0;
		};
		1CB6A91329677E8800671D05 /* Sources */ = {
			isa = PBXSourcesBuildPhase;
			buildActionMask = 2147483647;
			files = (
				1CB6A91C29677E8800671D05 /* DessertAppUITests.swift in Sources */,
				1CB6A91E29677E8800671D05 /* DessertAppUITestsLaunchTests.swift in Sources */,
			);
			runOnlyForDeploymentPostprocessing = 0;
		};
/* End PBXSourcesBuildPhase section */

/* Begin PBXTargetDependency section */
		1CB6A90F29677E8800671D05 /* PBXTargetDependency */ = {
			isa = PBXTargetDependency;
			target = 1CB6A8FC29677E8500671D05 /* DessertApp */;
			targetProxy = 1CB6A90E29677E8800671D05 /* PBXContainerItemProxy */;
		};
		1CB6A91929677E8800671D05 /* PBXTargetDependency */ = {
			isa = PBXTargetDependency;
			target = 1CB6A8FC29677E8500671D05 /* DessertApp */;
			targetProxy = 1CB6A91829677E8800671D05 /* PBXContainerItemProxy */;
		};
/* End PBXTargetDependency section */

/* Begin XCBuildConfiguration section */
		1CB6A91F29677E8800671D05 /* Debug */ = {
			isa = XCBuildConfiguration;
			buildSettings = {
				ALWAYS_SEARCH_USER_PATHS = NO;
				CLANG_ANALYZER_NONNULL = YES;
				CLANG_ANALYZER_NUMBER_OBJECT_CONVERSION = YES_AGGRESSIVE;
				CLANG_CXX_LANGUAGE_STANDARD = "gnu++20";
				CLANG_ENABLE_MODULES = YES;
				CLANG_ENABLE_OBJC_ARC = YES;
				CLANG_ENABLE_OBJC_WEAK = YES;
				CLANG_WARN_BLOCK_CAPTURE_AUTORELEASING = YES;
				CLANG_WARN_BOOL_CONVERSION = YES;
				CLANG_WARN_COMMA = YES;
				CLANG_WARN_CONSTANT_CONVERSION = YES;
				CLANG_WARN_DEPRECATED_OBJC_IMPLEMENTATIONS = YES;
				CLANG_WARN_DIRECT_OBJC_ISA_USAGE = YES_ERROR;
				CLANG_WARN_DOCUMENTATION_COMMENTS = YES;
				CLANG_WARN_EMPTY_BODY = YES;
				CLANG_WARN_ENUM_CONVERSION = YES;
				CLANG_WARN_INFINITE_RECURSION = YES;
				CLANG_WARN_INT_CONVERSION = YES;
				CLANG_WARN_NON_LITERAL_NULL_CONVERSION = YES;
				CLANG_WARN_OBJC_IMPLICIT_RETAIN_SELF = YES;
				CLANG_WARN_OBJC_LITERAL_CONVERSION = YES;
				CLANG_WARN_OBJC_ROOT_CLASS = YES_ERROR;
				CLANG_WARN_QUOTED_INCLUDE_IN_FRAMEWORK_HEADER = YES;
				CLANG_WARN_RANGE_LOOP_ANALYSIS = YES;
				CLANG_WARN_STRICT_PROTOTYPES = YES;
				CLANG_WARN_SUSPICIOUS_MOVE = YES;
				CLANG_WARN_UNGUARDED_AVAILABILITY = YES_AGGRESSIVE;
				CLANG_WARN_UNREACHABLE_CODE = YES;
				CLANG_WARN__DUPLICATE_METHOD_MATCH = YES;
				COPY_PHASE_STRIP = NO;
				DEBUG_INFORMATION_FORMAT = dwarf;
				ENABLE_STRICT_OBJC_MSGSEND = YES;
				ENABLE_TESTABILITY = YES;
				GCC_C_LANGUAGE_STANDARD = gnu11;
				GCC_DYNAMIC_NO_PIC = NO;
				GCC_NO_COMMON_BLOCKS = YES;
				GCC_OPTIMIZATION_LEVEL = 0;
				GCC_PREPROCESSOR_DEFINITIONS = (
					"DEBUG=1",
					"$(inherited)",
				);
				GCC_WARN_64_TO_32_BIT_CONVERSION = YES;
				GCC_WARN_ABOUT_RETURN_TYPE = YES_ERROR;
				GCC_WARN_UNDECLARED_SELECTOR = YES;
				GCC_WARN_UNINITIALIZED_AUTOS = YES_AGGRESSIVE;
				GCC_WARN_UNUSED_FUNCTION = YES;
				GCC_WARN_UNUSED_VARIABLE = YES;
				IPHONEOS_DEPLOYMENT_TARGET = 16.2;
				MTL_ENABLE_DEBUG_INFO = INCLUDE_SOURCE;
				MTL_FAST_MATH = YES;
				ONLY_ACTIVE_ARCH = YES;
				SDKROOT = iphoneos;
				SWIFT_ACTIVE_COMPILATION_CONDITIONS = DEBUG;
				SWIFT_OPTIMIZATION_LEVEL = "-Onone";
			};
			name = Debug;
		};
		1CB6A92029677E8800671D05 /* Release */ = {
			isa = XCBuildConfiguration;
			buildSettings = {
				ALWAYS_SEARCH_USER_PATHS = NO;
				CLANG_ANALYZER_NONNULL = YES;
				CLANG_ANALYZER_NUMBER_OBJECT_CONVERSION = YES_AGGRESSIVE;
				CLANG_CXX_LANGUAGE_STANDARD = "gnu++20";
				CLANG_ENABLE_MODULES = YES;
				CLANG_ENABLE_OBJC_ARC = YES;
				CLANG_ENABLE_OBJC_WEAK = YES;
				CLANG_WARN_BLOCK_CAPTURE_AUTORELEASING = YES;
				CLANG_WARN_BOOL_CONVERSION = YES;
				CLANG_WARN_COMMA = YES;
				CLANG_WARN_CONSTANT_CONVERSION = YES;
				CLANG_WARN_DEPRECATED_OBJC_IMPLEMENTATIONS = YES;
				CLANG_WARN_DIRECT_OBJC_ISA_USAGE = YES_ERROR;
				CLANG_WARN_DOCUMENTATION_COMMENTS = YES;
				CLANG_WARN_EMPTY_BODY = YES;
				CLANG_WARN_ENUM_CONVERSION = YES;
				CLANG_WARN_INFINITE_RECURSION = YES;
				CLANG_WARN_INT_CONVERSION = YES;
				CLANG_WARN_NON_LITERAL_NULL_CONVERSION = YES;
				CLANG_WARN_OBJC_IMPLICIT_RETAIN_SELF = YES;
				CLANG_WARN_OBJC_LITERAL_CONVERSION = YES;
				CLANG_WARN_OBJC_ROOT_CLASS = YES_ERROR;
				CLANG_WARN_QUOTED_INCLUDE_IN_FRAMEWORK_HEADER = YES;
				CLANG_WARN_RANGE_LOOP_ANALYSIS = YES;
				CLANG_WARN_STRICT_PROTOTYPES = YES;
				CLANG_WARN_SUSPICIOUS_MOVE = YES;
				CLANG_WARN_UNGUARDED_AVAILABILITY = YES_AGGRESSIVE;
				CLANG_WARN_UNREACHABLE_CODE = YES;
				CLANG_WARN__DUPLICATE_METHOD_MATCH = YES;
				COPY_PHASE_STRIP = NO;
				DEBUG_INFORMATION_FORMAT = "dwarf-with-dsym";
				ENABLE_NS_ASSERTIONS = NO;
				ENABLE_STRICT_OBJC_MSGSEND = YES;
				GCC_C_LANGUAGE_STANDARD = gnu11;
				GCC_NO_COMMON_BLOCKS = YES;
				GCC_WARN_64_TO_32_BIT_CONVERSION = YES;
				GCC_WARN_ABOUT_RETURN_TYPE = YES_ERROR;
				GCC_WARN_UNDECLARED_SELECTOR = YES;
				GCC_WARN_UNINITIALIZED_AUTOS = YES_AGGRESSIVE;
				GCC_WARN_UNUSED_FUNCTION = YES;
				GCC_WARN_UNUSED_VARIABLE = YES;
				IPHONEOS_DEPLOYMENT_TARGET = 16.2;
				MTL_ENABLE_DEBUG_INFO = NO;
				MTL_FAST_MATH = YES;
				SDKROOT = iphoneos;
				SWIFT_COMPILATION_MODE = wholemodule;
				SWIFT_OPTIMIZATION_LEVEL = "-O";
				VALIDATE_PRODUCT = YES;
			};
			name = Release;
		};
		1CB6A92229677E8800671D05 /* Debug */ = {
			isa = XCBuildConfiguration;
			buildSettings = {
				ASSETCATALOG_COMPILER_APPICON_NAME = AppIcon;
				ASSETCATALOG_COMPILER_GLOBAL_ACCENT_COLOR_NAME = AccentColor;
				CODE_SIGN_STYLE = Automatic;
				CURRENT_PROJECT_VERSION = 1;
				DEVELOPMENT_ASSET_PATHS = "\"DessertApp/Preview Content\"";
				ENABLE_PREVIEWS = YES;
				GENERATE_INFOPLIST_FILE = YES;
				INFOPLIST_KEY_UIApplicationSceneManifest_Generation = YES;
				INFOPLIST_KEY_UIApplicationSupportsIndirectInputEvents = YES;
				INFOPLIST_KEY_UILaunchScreen_Generation = YES;
				INFOPLIST_KEY_UISupportedInterfaceOrientations_iPad = "UIInterfaceOrientationPortrait UIInterfaceOrientationPortraitUpsideDown UIInterfaceOrientationLandscapeLeft UIInterfaceOrientationLandscapeRight";
				INFOPLIST_KEY_UISupportedInterfaceOrientations_iPhone = "UIInterfaceOrientationPortrait UIInterfaceOrientationLandscapeLeft UIInterfaceOrientationLandscapeRight";
				LD_RUNPATH_SEARCH_PATHS = (
					"$(inherited)",
					"@executable_path/Frameworks",
				);
				MARKETING_VERSION = 1.0;
				PRODUCT_BUNDLE_IDENTIFIER = mederland.DessertApp;
				PRODUCT_NAME = "$(TARGET_NAME)";
				SWIFT_EMIT_LOC_STRINGS = YES;
				SWIFT_VERSION = 5.0;
				TARGETED_DEVICE_FAMILY = "1,2";
			};
			name = Debug;
		};
		1CB6A92329677E8800671D05 /* Release */ = {
			isa = XCBuildConfiguration;
			buildSettings = {
				ASSETCATALOG_COMPILER_APPICON_NAME = AppIcon;
				ASSETCATALOG_COMPILER_GLOBAL_ACCENT_COLOR_NAME = AccentColor;
				CODE_SIGN_STYLE = Automatic;
				CURRENT_PROJECT_VERSION = 1;
				DEVELOPMENT_ASSET_PATHS = "\"DessertApp/Preview Content\"";
				ENABLE_PREVIEWS = YES;
				GENERATE_INFOPLIST_FILE = YES;
				INFOPLIST_KEY_UIApplicationSceneManifest_Generation = YES;
				INFOPLIST_KEY_UIApplicationSupportsIndirectInputEvents = YES;
				INFOPLIST_KEY_UILaunchScreen_Generation = YES;
				INFOPLIST_KEY_UISupportedInterfaceOrientations_iPad = "UIInterfaceOrientationPortrait UIInterfaceOrientationPortraitUpsideDown UIInterfaceOrientationLandscapeLeft UIInterfaceOrientationLandscapeRight";
				INFOPLIST_KEY_UISupportedInterfaceOrientations_iPhone = "UIInterfaceOrientationPortrait UIInterfaceOrientationLandscapeLeft UIInterfaceOrientationLandscapeRight";
				LD_RUNPATH_SEARCH_PATHS = (
					"$(inherited)",
					"@executable_path/Frameworks",
				);
				MARKETING_VERSION = 1.0;
				PRODUCT_BUNDLE_IDENTIFIER = mederland.DessertApp;
				PRODUCT_NAME = "$(TARGET_NAME)";
				SWIFT_EMIT_LOC_STRINGS = YES;
				SWIFT_VERSION = 5.0;
				TARGETED_DEVICE_FAMILY = "1,2";
			};
			name = Release;
		};
		1CB6A92529677E8800671D05 /* Debug */ = {
			isa = XCBuildConfiguration;
			buildSettings = {
				ALWAYS_EMBED_SWIFT_STANDARD_LIBRARIES = YES;
				BUNDLE_LOADER = "$(TEST_HOST)";
				CODE_SIGN_STYLE = Automatic;
				CURRENT_PROJECT_VERSION = 1;
				GENERATE_INFOPLIST_FILE = YES;
				IPHONEOS_DEPLOYMENT_TARGET = 16.2;
				MARKETING_VERSION = 1.0;
				PRODUCT_BUNDLE_IDENTIFIER = mederland.DessertAppTests;
				PRODUCT_NAME = "$(TARGET_NAME)";
				SWIFT_EMIT_LOC_STRINGS = NO;
				SWIFT_VERSION = 5.0;
				TARGETED_DEVICE_FAMILY = "1,2";
				TEST_HOST = "$(BUILT_PRODUCTS_DIR)/DessertApp.app/$(BUNDLE_EXECUTABLE_FOLDER_PATH)/DessertApp";
			};
			name = Debug;
		};
		1CB6A92629677E8800671D05 /* Release */ = {
			isa = XCBuildConfiguration;
			buildSettings = {
				ALWAYS_EMBED_SWIFT_STANDARD_LIBRARIES = YES;
				BUNDLE_LOADER = "$(TEST_HOST)";
				CODE_SIGN_STYLE = Automatic;
				CURRENT_PROJECT_VERSION = 1;
				GENERATE_INFOPLIST_FILE = YES;
				IPHONEOS_DEPLOYMENT_TARGET = 16.2;
				MARKETING_VERSION = 1.0;
				PRODUCT_BUNDLE_IDENTIFIER = mederland.DessertAppTests;
				PRODUCT_NAME = "$(TARGET_NAME)";
				SWIFT_EMIT_LOC_STRINGS = NO;
				SWIFT_VERSION = 5.0;
				TARGETED_DEVICE_FAMILY = "1,2";
				TEST_HOST = "$(BUILT_PRODUCTS_DIR)/DessertApp.app/$(BUNDLE_EXECUTABLE_FOLDER_PATH)/DessertApp";
			};
			name = Release;
		};
		1CB6A92829677E8800671D05 /* Debug */ = {
			isa = XCBuildConfiguration;
			buildSettings = {
				ALWAYS_EMBED_SWIFT_STANDARD_LIBRARIES = YES;
				CODE_SIGN_STYLE = Automatic;
				CURRENT_PROJECT_VERSION = 1;
				GENERATE_INFOPLIST_FILE = YES;
				MARKETING_VERSION = 1.0;
				PRODUCT_BUNDLE_IDENTIFIER = mederland.DessertAppUITests;
				PRODUCT_NAME = "$(TARGET_NAME)";
				SWIFT_EMIT_LOC_STRINGS = NO;
				SWIFT_VERSION = 5.0;
				TARGETED_DEVICE_FAMILY = "1,2";
				TEST_TARGET_NAME = DessertApp;
			};
			name = Debug;
		};
		1CB6A92929677E8800671D05 /* Release */ = {
			isa = XCBuildConfiguration;
			buildSettings = {
				ALWAYS_EMBED_SWIFT_STANDARD_LIBRARIES = YES;
				CODE_SIGN_STYLE = Automatic;
				CURRENT_PROJECT_VERSION = 1;
				GENERATE_INFOPLIST_FILE = YES;
				MARKETING_VERSION = 1.0;
				PRODUCT_BUNDLE_IDENTIFIER = mederland.DessertAppUITests;
				PRODUCT_NAME = "$(TARGET_NAME)";
				SWIFT_EMIT_LOC_STRINGS = NO;
				SWIFT_VERSION = 5.0;
				TARGETED_DEVICE_FAMILY = "1,2";
				TEST_TARGET_NAME = DessertApp;
			};
			name = Release;
		};
/* End XCBuildConfiguration section */

/* Begin XCConfigurationList section */
		1CB6A8F829677E8500671D05 /* Build configuration list for PBXProject "DessertApp" */ = {
			isa = XCConfigurationList;
			buildConfigurations = (
				1CB6A91F29677E8800671D05 /* Debug */,
				1CB6A92029677E8800671D05 /* Release */,
			);
			defaultConfigurationIsVisible = 0;
			defaultConfigurationName = Release;
		};
		1CB6A92129677E8800671D05 /* Build configuration list for PBXNativeTarget "DessertApp" */ = {
			isa = XCConfigurationList;
			buildConfigurations = (
				1CB6A92229677E8800671D05 /* Debug */,
				1CB6A92329677E8800671D05 /* Release */,
			);
			defaultConfigurationIsVisible = 0;
			defaultConfigurationName = Release;
		};
		1CB6A92429677E8800671D05 /* Build configuration list for PBXNativeTarget "DessertAppTests" */ = {
			isa = XCConfigurationList;
			buildConfigurations = (
				1CB6A92529677E8800671D05 /* Debug */,
				1CB6A92629677E8800671D05 /* Release */,
			);
			defaultConfigurationIsVisible = 0;
			defaultConfigurationName = Release;
		};
		1CB6A92729677E8800671D05 /* Build configuration list for PBXNativeTarget "DessertAppUITests" */ = {
			isa = XCConfigurationList;
			buildConfigurations = (
				1CB6A92829677E8800671D05 /* Debug */,
				1CB6A92929677E8800671D05 /* Release */,
			);
			defaultConfigurationIsVisible = 0;
			defaultConfigurationName = Release;
		};
/* End XCConfigurationList section */
	};
	rootObject = 1CB6A8F529677E8500671D05 /* Project object */;
}
